// !$*UTF8*$!
{
	archiveVersion = 1;
	classes = {
	};
	objectVersion = 51;
	objects = {

/* Begin PBXBuildFile section */
		645B536A22FD249400016169 /* AppDelegate.swift in Sources */ = {isa = PBXBuildFile; fileRef = 645B536922FD249400016169 /* AppDelegate.swift */; };
		645B536F22FD249400016169 /* Main.storyboard in Resources */ = {isa = PBXBuildFile; fileRef = 645B536D22FD249400016169 /* Main.storyboard */; };
		645B537122FD249C00016169 /* Assets.xcassets in Resources */ = {isa = PBXBuildFile; fileRef = 645B537022FD249C00016169 /* Assets.xcassets */; };
		645B537422FD249C00016169 /* LaunchScreen.storyboard in Resources */ = {isa = PBXBuildFile; fileRef = 645B537222FD249C00016169 /* LaunchScreen.storyboard */; };
		645B537F22FD249C00016169 /* DemoSPHTests.swift in Sources */ = {isa = PBXBuildFile; fileRef = 645B537E22FD249C00016169 /* DemoSPHTests.swift */; };
		645B538A22FD249C00016169 /* DemoSPHUITests.swift in Sources */ = {isa = PBXBuildFile; fileRef = 645B538922FD249C00016169 /* DemoSPHUITests.swift */; };
		645B539822FD35EB00016169 /* MainTVC.swift in Sources */ = {isa = PBXBuildFile; fileRef = 645B539722FD35EB00016169 /* MainTVC.swift */; };
		645B539E22FD397600016169 /* Data.swift in Sources */ = {isa = PBXBuildFile; fileRef = 645B539D22FD397600016169 /* Data.swift */; };
		645B53A022FD39A000016169 /* Data.json in Resources */ = {isa = PBXBuildFile; fileRef = 645B539F22FD39A000016169 /* Data.json */; };
		645B53A322FD39EE00016169 /* Network.swift in Sources */ = {isa = PBXBuildFile; fileRef = 645B53A222FD39EE00016169 /* Network.swift */; };
		645B53A522FD39FB00016169 /* Interceptor.swift in Sources */ = {isa = PBXBuildFile; fileRef = 645B53A422FD39FB00016169 /* Interceptor.swift */; };
		645B53A922FD4F2400016169 /* Constants.swift in Sources */ = {isa = PBXBuildFile; fileRef = 645B53A822FD4F2400016169 /* Constants.swift */; };
		645B53AB22FD9D3700016169 /* Extensions.swift in Sources */ = {isa = PBXBuildFile; fileRef = 645B53AA22FD9D3700016169 /* Extensions.swift */; };
		64B7FCA123017C7000F185DD /* DataCell.swift in Sources */ = {isa = PBXBuildFile; fileRef = 64B7FC9F23017C7000F185DD /* DataCell.swift */; };
		64B7FCA223017C7000F185DD /* DataCell.swift in Sources */ = {isa = PBXBuildFile; fileRef = 64B7FC9F23017C7000F185DD /* DataCell.swift */; };
		64B7FCA323017C7000F185DD /* DataCell.swift in Sources */ = {isa = PBXBuildFile; fileRef = 64B7FC9F23017C7000F185DD /* DataCell.swift */; };
		64B7FCA423017C7000F185DD /* DataCell.xib in Resources */ = {isa = PBXBuildFile; fileRef = 64B7FCA023017C7000F185DD /* DataCell.xib */; };
		64B7FCA523017C7000F185DD /* DataCell.xib in Resources */ = {isa = PBXBuildFile; fileRef = 64B7FCA023017C7000F185DD /* DataCell.xib */; };
		64B7FCA623017C7000F185DD /* DataCell.xib in Resources */ = {isa = PBXBuildFile; fileRef = 64B7FCA023017C7000F185DD /* DataCell.xib */; };
		64B7FCA92301897B00F185DD /* DetailTVC.swift in Sources */ = {isa = PBXBuildFile; fileRef = 64B7FCA72301897B00F185DD /* DetailTVC.swift */; };
		64B7FCAA2301897B00F185DD /* DetailTVC.swift in Sources */ = {isa = PBXBuildFile; fileRef = 64B7FCA72301897B00F185DD /* DetailTVC.swift */; };
		64B7FCAB2301897B00F185DD /* DetailTVC.swift in Sources */ = {isa = PBXBuildFile; fileRef = 64B7FCA72301897B00F185DD /* DetailTVC.swift */; };
		B38F817A3723B068F2843C61 /* Pods_DemoSPHUITests.framework in Frameworks */ = {isa = PBXBuildFile; fileRef = F23B333C5C98EC206C1FCB67 /* Pods_DemoSPHUITests.framework */; };
		DBA28A5DB4429B33D9EFA7D5 /* Pods_DemoSPH.framework in Frameworks */ = {isa = PBXBuildFile; fileRef = 2C1F985EAC200723DE2167EF /* Pods_DemoSPH.framework */; };
		F8BEE583E9E77B0B87181F3F /* Pods_DemoSPHTests.framework in Frameworks */ = {isa = PBXBuildFile; fileRef = 4E8B1F10019FB8CEE97AD23B /* Pods_DemoSPHTests.framework */; };
/* End PBXBuildFile section */

/* Begin PBXContainerItemProxy section */
		645B537B22FD249C00016169 /* PBXContainerItemProxy */ = {
			isa = PBXContainerItemProxy;
			containerPortal = 645B535E22FD249300016169 /* Project object */;
			proxyType = 1;
			remoteGlobalIDString = 645B536522FD249400016169;
			remoteInfo = DemoSPH;
		};
		645B538622FD249C00016169 /* PBXContainerItemProxy */ = {
			isa = PBXContainerItemProxy;
			containerPortal = 645B535E22FD249300016169 /* Project object */;
			proxyType = 1;
			remoteGlobalIDString = 645B536522FD249400016169;
			remoteInfo = DemoSPH;
		};
/* End PBXContainerItemProxy section */

/* Begin PBXFileReference section */
		013A9967F6316D94EEC2FD89 /* Pods-DemoSPHUITests.debug.xcconfig */ = {isa = PBXFileReference; includeInIndex = 1; lastKnownFileType = text.xcconfig; name = "Pods-DemoSPHUITests.debug.xcconfig"; path = "Target Support Files/Pods-DemoSPHUITests/Pods-DemoSPHUITests.debug.xcconfig"; sourceTree = "<group>"; };
		138650F27448055EAF28146B /* Pods-DemoSPHTests.release.xcconfig */ = {isa = PBXFileReference; includeInIndex = 1; lastKnownFileType = text.xcconfig; name = "Pods-DemoSPHTests.release.xcconfig"; path = "Target Support Files/Pods-DemoSPHTests/Pods-DemoSPHTests.release.xcconfig"; sourceTree = "<group>"; };
		141C89EFB79EA91882705593 /* Pods-DemoSPHUITests.release.xcconfig */ = {isa = PBXFileReference; includeInIndex = 1; lastKnownFileType = text.xcconfig; name = "Pods-DemoSPHUITests.release.xcconfig"; path = "Target Support Files/Pods-DemoSPHUITests/Pods-DemoSPHUITests.release.xcconfig"; sourceTree = "<group>"; };
		2C1F985EAC200723DE2167EF /* Pods_DemoSPH.framework */ = {isa = PBXFileReference; explicitFileType = wrapper.framework; includeInIndex = 0; path = Pods_DemoSPH.framework; sourceTree = BUILT_PRODUCTS_DIR; };
		4854264358CD7B87999FF319 /* Pods-DemoSPH.release.xcconfig */ = {isa = PBXFileReference; includeInIndex = 1; lastKnownFileType = text.xcconfig; name = "Pods-DemoSPH.release.xcconfig"; path = "Target Support Files/Pods-DemoSPH/Pods-DemoSPH.release.xcconfig"; sourceTree = "<group>"; };
		4E8B1F10019FB8CEE97AD23B /* Pods_DemoSPHTests.framework */ = {isa = PBXFileReference; explicitFileType = wrapper.framework; includeInIndex = 0; path = Pods_DemoSPHTests.framework; sourceTree = BUILT_PRODUCTS_DIR; };
		645B536622FD249400016169 /* DemoSPH.app */ = {isa = PBXFileReference; explicitFileType = wrapper.application; includeInIndex = 0; path = DemoSPH.app; sourceTree = BUILT_PRODUCTS_DIR; };
		645B536922FD249400016169 /* AppDelegate.swift */ = {isa = PBXFileReference; lastKnownFileType = sourcecode.swift; path = AppDelegate.swift; sourceTree = "<group>"; };
		645B536E22FD249400016169 /* Base */ = {isa = PBXFileReference; lastKnownFileType = file.storyboard; name = Base; path = Base.lproj/Main.storyboard; sourceTree = "<group>"; };
		645B537022FD249C00016169 /* Assets.xcassets */ = {isa = PBXFileReference; lastKnownFileType = folder.assetcatalog; path = Assets.xcassets; sourceTree = "<group>"; };
		645B537322FD249C00016169 /* Base */ = {isa = PBXFileReference; lastKnownFileType = file.storyboard; name = Base; path = Base.lproj/LaunchScreen.storyboard; sourceTree = "<group>"; };
		645B537522FD249C00016169 /* Info.plist */ = {isa = PBXFileReference; lastKnownFileType = text.plist.xml; path = Info.plist; sourceTree = "<group>"; };
		645B537A22FD249C00016169 /* DemoSPHTests.xctest */ = {isa = PBXFileReference; explicitFileType = wrapper.cfbundle; includeInIndex = 0; path = DemoSPHTests.xctest; sourceTree = BUILT_PRODUCTS_DIR; };
		645B537E22FD249C00016169 /* DemoSPHTests.swift */ = {isa = PBXFileReference; lastKnownFileType = sourcecode.swift; path = DemoSPHTests.swift; sourceTree = "<group>"; };
		645B538022FD249C00016169 /* Info.plist */ = {isa = PBXFileReference; lastKnownFileType = text.plist.xml; path = Info.plist; sourceTree = "<group>"; };
		645B538522FD249C00016169 /* DemoSPHUITests.xctest */ = {isa = PBXFileReference; explicitFileType = wrapper.cfbundle; includeInIndex = 0; path = DemoSPHUITests.xctest; sourceTree = BUILT_PRODUCTS_DIR; };
		645B538922FD249C00016169 /* DemoSPHUITests.swift */ = {isa = PBXFileReference; lastKnownFileType = sourcecode.swift; path = DemoSPHUITests.swift; sourceTree = "<group>"; };
		645B538B22FD249C00016169 /* Info.plist */ = {isa = PBXFileReference; lastKnownFileType = text.plist.xml; path = Info.plist; sourceTree = "<group>"; };
		645B539722FD35EB00016169 /* MainTVC.swift */ = {isa = PBXFileReference; lastKnownFileType = sourcecode.swift; path = MainTVC.swift; sourceTree = "<group>"; };
		645B539D22FD397600016169 /* Data.swift */ = {isa = PBXFileReference; lastKnownFileType = sourcecode.swift; path = Data.swift; sourceTree = "<group>"; };
		645B539F22FD39A000016169 /* Data.json */ = {isa = PBXFileReference; lastKnownFileType = text.json; path = Data.json; sourceTree = "<group>"; };
		645B53A222FD39EE00016169 /* Network.swift */ = {isa = PBXFileReference; lastKnownFileType = sourcecode.swift; path = Network.swift; sourceTree = "<group>"; };
		645B53A422FD39FB00016169 /* Interceptor.swift */ = {isa = PBXFileReference; lastKnownFileType = sourcecode.swift; path = Interceptor.swift; sourceTree = "<group>"; };
		645B53A822FD4F2400016169 /* Constants.swift */ = {isa = PBXFileReference; lastKnownFileType = sourcecode.swift; path = Constants.swift; sourceTree = "<group>"; };
		645B53AA22FD9D3700016169 /* Extensions.swift */ = {isa = PBXFileReference; lastKnownFileType = sourcecode.swift; path = Extensions.swift; sourceTree = "<group>"; };
		64B7FC9F23017C7000F185DD /* DataCell.swift */ = {isa = PBXFileReference; lastKnownFileType = sourcecode.swift; path = DataCell.swift; sourceTree = "<group>"; };
		64B7FCA023017C7000F185DD /* DataCell.xib */ = {isa = PBXFileReference; lastKnownFileType = file.xib; path = DataCell.xib; sourceTree = "<group>"; };
		64B7FCA72301897B00F185DD /* DetailTVC.swift */ = {isa = PBXFileReference; lastKnownFileType = sourcecode.swift; path = DetailTVC.swift; sourceTree = "<group>"; };
		916129DC823DC958B81F6AFD /* Pods-DemoSPH.debug.xcconfig */ = {isa = PBXFileReference; includeInIndex = 1; lastKnownFileType = text.xcconfig; name = "Pods-DemoSPH.debug.xcconfig"; path = "Target Support Files/Pods-DemoSPH/Pods-DemoSPH.debug.xcconfig"; sourceTree = "<group>"; };
		E369D0DD64356111D55FCC21 /* Pods-DemoSPHTests.debug.xcconfig */ = {isa = PBXFileReference; includeInIndex = 1; lastKnownFileType = text.xcconfig; name = "Pods-DemoSPHTests.debug.xcconfig"; path = "Target Support Files/Pods-DemoSPHTests/Pods-DemoSPHTests.debug.xcconfig"; sourceTree = "<group>"; };
		F23B333C5C98EC206C1FCB67 /* Pods_DemoSPHUITests.framework */ = {isa = PBXFileReference; explicitFileType = wrapper.framework; includeInIndex = 0; path = Pods_DemoSPHUITests.framework; sourceTree = BUILT_PRODUCTS_DIR; };
/* End PBXFileReference section */

/* Begin PBXFrameworksBuildPhase section */
		645B536322FD249400016169 /* Frameworks */ = {
			isa = PBXFrameworksBuildPhase;
			buildActionMask = 2147483647;
			files = (
				DBA28A5DB4429B33D9EFA7D5 /* Pods_DemoSPH.framework in Frameworks */,
			);
			runOnlyForDeploymentPostprocessing = 0;
		};
		645B537722FD249C00016169 /* Frameworks */ = {
			isa = PBXFrameworksBuildPhase;
			buildActionMask = 2147483647;
			files = (
				F8BEE583E9E77B0B87181F3F /* Pods_DemoSPHTests.framework in Frameworks */,
			);
			runOnlyForDeploymentPostprocessing = 0;
		};
		645B538222FD249C00016169 /* Frameworks */ = {
			isa = PBXFrameworksBuildPhase;
			buildActionMask = 2147483647;
			files = (
				B38F817A3723B068F2843C61 /* Pods_DemoSPHUITests.framework in Frameworks */,
			);
			runOnlyForDeploymentPostprocessing = 0;
		};
/* End PBXFrameworksBuildPhase section */

/* Begin PBXGroup section */
		645B535D22FD249300016169 = {
			isa = PBXGroup;
			children = (
				645B536822FD249400016169 /* DemoSPH */,
				645B537D22FD249C00016169 /* DemoSPHTests */,
				645B538822FD249C00016169 /* DemoSPHUITests */,
				645B536722FD249400016169 /* Products */,
				915AFCB69C8996BE9846DAF0 /* Pods */,
				A7BAEEAE074C50057CC3EF31 /* Frameworks */,
			);
			sourceTree = "<group>";
		};
		645B536722FD249400016169 /* Products */ = {
			isa = PBXGroup;
			children = (
				645B536622FD249400016169 /* DemoSPH.app */,
				645B537A22FD249C00016169 /* DemoSPHTests.xctest */,
				645B538522FD249C00016169 /* DemoSPHUITests.xctest */,
			);
			name = Products;
			sourceTree = "<group>";
		};
		645B536822FD249400016169 /* DemoSPH */ = {
			isa = PBXGroup;
			children = (
				645B536922FD249400016169 /* AppDelegate.swift */,
				645B537022FD249C00016169 /* Assets.xcassets */,
				645B537222FD249C00016169 /* LaunchScreen.storyboard */,
				645B537522FD249C00016169 /* Info.plist */,
				645B53A122FD39D500016169 /* Managers */,
				645B53A622FD3A1200016169 /* Utilities */,
				645B539C22FD395900016169 /* Model */,
				645B53A722FD3A2400016169 /* Views */,
				645B539A22FD360600016169 /* Controllers */,
			);
			path = DemoSPH;
			sourceTree = "<group>";
		};
		645B537D22FD249C00016169 /* DemoSPHTests */ = {
			isa = PBXGroup;
			children = (
				645B537E22FD249C00016169 /* DemoSPHTests.swift */,
				645B538022FD249C00016169 /* Info.plist */,
			);
			path = DemoSPHTests;
			sourceTree = "<group>";
		};
		645B538822FD249C00016169 /* DemoSPHUITests */ = {
			isa = PBXGroup;
			children = (
				645B538922FD249C00016169 /* DemoSPHUITests.swift */,
				645B538B22FD249C00016169 /* Info.plist */,
			);
			path = DemoSPHUITests;
			sourceTree = "<group>";
		};
		645B539A22FD360600016169 /* Controllers */ = {
			isa = PBXGroup;
			children = (
				645B539722FD35EB00016169 /* MainTVC.swift */,
				64B7FCA72301897B00F185DD /* DetailTVC.swift */,
			);
			name = Controllers;
			path = DemoSPH/Controllers;
			sourceTree = SOURCE_ROOT;
		};
		645B539B22FD363900016169 /* Storyboard */ = {
			isa = PBXGroup;
			children = (
				645B536D22FD249400016169 /* Main.storyboard */,
			);
			path = Storyboard;
			sourceTree = "<group>";
		};
		645B539C22FD395900016169 /* Model */ = {
			isa = PBXGroup;
			children = (
				645B539D22FD397600016169 /* Data.swift */,
				645B539F22FD39A000016169 /* Data.json */,
			);
			path = Model;
			sourceTree = "<group>";
		};
		645B53A122FD39D500016169 /* Managers */ = {
			isa = PBXGroup;
			children = (
				645B53A222FD39EE00016169 /* Network.swift */,
				645B53A422FD39FB00016169 /* Interceptor.swift */,
			);
			path = Managers;
			sourceTree = "<group>";
		};
		645B53A622FD3A1200016169 /* Utilities */ = {
			isa = PBXGroup;
			children = (
				645B53A822FD4F2400016169 /* Constants.swift */,
				645B53AA22FD9D3700016169 /* Extensions.swift */,
			);
			path = Utilities;
			sourceTree = "<group>";
		};
		645B53A722FD3A2400016169 /* Views */ = {
			isa = PBXGroup;
			children = (
				64B7FC9E23017C3000F185DD /* Cells */,
				645B539B22FD363900016169 /* Storyboard */,
			);
			path = Views;
			sourceTree = "<group>";
		};
		64B7FC9E23017C3000F185DD /* Cells */ = {
			isa = PBXGroup;
			children = (
				64B7FC9F23017C7000F185DD /* DataCell.swift */,
				64B7FCA023017C7000F185DD /* DataCell.xib */,
			);
			path = Cells;
			sourceTree = "<group>";
		};
		915AFCB69C8996BE9846DAF0 /* Pods */ = {
			isa = PBXGroup;
			children = (
				916129DC823DC958B81F6AFD /* Pods-DemoSPH.debug.xcconfig */,
				4854264358CD7B87999FF319 /* Pods-DemoSPH.release.xcconfig */,
				E369D0DD64356111D55FCC21 /* Pods-DemoSPHTests.debug.xcconfig */,
				138650F27448055EAF28146B /* Pods-DemoSPHTests.release.xcconfig */,
				013A9967F6316D94EEC2FD89 /* Pods-DemoSPHUITests.debug.xcconfig */,
				141C89EFB79EA91882705593 /* Pods-DemoSPHUITests.release.xcconfig */,
			);
			path = Pods;
			sourceTree = "<group>";
		};
		A7BAEEAE074C50057CC3EF31 /* Frameworks */ = {
			isa = PBXGroup;
			children = (
				2C1F985EAC200723DE2167EF /* Pods_DemoSPH.framework */,
				4E8B1F10019FB8CEE97AD23B /* Pods_DemoSPHTests.framework */,
				F23B333C5C98EC206C1FCB67 /* Pods_DemoSPHUITests.framework */,
			);
			name = Frameworks;
			sourceTree = "<group>";
		};
/* End PBXGroup section */

/* Begin PBXNativeTarget section */
		645B536522FD249400016169 /* DemoSPH */ = {
			isa = PBXNativeTarget;
			buildConfigurationList = 645B538E22FD249C00016169 /* Build configuration list for PBXNativeTarget "DemoSPH" */;
			buildPhases = (
				71A7010007A8F5E6E5D2830E /* [CP] Check Pods Manifest.lock */,
				645B536222FD249400016169 /* Sources */,
				645B536322FD249400016169 /* Frameworks */,
				645B536422FD249400016169 /* Resources */,
				7D708C058A2797920332C8B3 /* [CP] Embed Pods Frameworks */,
			);
			buildRules = (
			);
			dependencies = (
			);
			name = DemoSPH;
			productName = DemoSPH;
			productReference = 645B536622FD249400016169 /* DemoSPH.app */;
			productType = "com.apple.product-type.application";
		};
		645B537922FD249C00016169 /* DemoSPHTests */ = {
			isa = PBXNativeTarget;
			buildConfigurationList = 645B539122FD249C00016169 /* Build configuration list for PBXNativeTarget "DemoSPHTests" */;
			buildPhases = (
				1B2A1E9AC52167AEB8F170DE /* [CP] Check Pods Manifest.lock */,
				645B537622FD249C00016169 /* Sources */,
				645B537722FD249C00016169 /* Frameworks */,
				645B537822FD249C00016169 /* Resources */,
				150FF88FD57D89C0292E70D0 /* [CP] Embed Pods Frameworks */,
			);
			buildRules = (
			);
			dependencies = (
				645B537C22FD249C00016169 /* PBXTargetDependency */,
			);
			name = DemoSPHTests;
			productName = DemoSPHTests;
			productReference = 645B537A22FD249C00016169 /* DemoSPHTests.xctest */;
			productType = "com.apple.product-type.bundle.unit-test";
		};
		645B538422FD249C00016169 /* DemoSPHUITests */ = {
			isa = PBXNativeTarget;
			buildConfigurationList = 645B539422FD249C00016169 /* Build configuration list for PBXNativeTarget "DemoSPHUITests" */;
			buildPhases = (
				6E4FBD34E779970F8C2A9D10 /* [CP] Check Pods Manifest.lock */,
				645B538122FD249C00016169 /* Sources */,
				645B538222FD249C00016169 /* Frameworks */,
				645B538322FD249C00016169 /* Resources */,
				7429F5CF6ACC1716BF80CC7B /* [CP] Embed Pods Frameworks */,
			);
			buildRules = (
			);
			dependencies = (
				645B538722FD249C00016169 /* PBXTargetDependency */,
			);
			name = DemoSPHUITests;
			productName = DemoSPHUITests;
			productReference = 645B538522FD249C00016169 /* DemoSPHUITests.xctest */;
			productType = "com.apple.product-type.bundle.ui-testing";
		};
/* End PBXNativeTarget section */

/* Begin PBXProject section */
		645B535E22FD249300016169 /* Project object */ = {
			isa = PBXProject;
			attributes = {
				LastSwiftUpdateCheck = 1030;
				LastUpgradeCheck = 1030;
				ORGANIZATIONNAME = Vaishu;
				TargetAttributes = {
					645B536522FD249400016169 = {
						CreatedOnToolsVersion = 10.3;
					};
					645B537922FD249C00016169 = {
						CreatedOnToolsVersion = 10.3;
						TestTargetID = 645B536522FD249400016169;
					};
					645B538422FD249C00016169 = {
						CreatedOnToolsVersion = 10.3;
						TestTargetID = 645B536522FD249400016169;
					};
				};
			};
			buildConfigurationList = 645B536122FD249300016169 /* Build configuration list for PBXProject "DemoSPH" */;
			compatibilityVersion = "Xcode 9.3";
			developmentRegion = en;
			hasScannedForEncodings = 0;
			knownRegions = (
				en,
				Base,
			);
			mainGroup = 645B535D22FD249300016169;
			productRefGroup = 645B536722FD249400016169 /* Products */;
			projectDirPath = "";
			projectRoot = "";
			targets = (
				645B536522FD249400016169 /* DemoSPH */,
				645B537922FD249C00016169 /* DemoSPHTests */,
				645B538422FD249C00016169 /* DemoSPHUITests */,
			);
		};
/* End PBXProject section */

/* Begin PBXResourcesBuildPhase section */
		645B536422FD249400016169 /* Resources */ = {
			isa = PBXResourcesBuildPhase;
			buildActionMask = 2147483647;
			files = (
				645B537422FD249C00016169 /* LaunchScreen.storyboard in Resources */,
				645B537122FD249C00016169 /* Assets.xcassets in Resources */,
				645B536F22FD249400016169 /* Main.storyboard in Resources */,
				64B7FCA423017C7000F185DD /* DataCell.xib in Resources */,
				645B53A022FD39A000016169 /* Data.json in Resources */,
			);
			runOnlyForDeploymentPostprocessing = 0;
		};
		645B537822FD249C00016169 /* Resources */ = {
			isa = PBXResourcesBuildPhase;
			buildActionMask = 2147483647;
			files = (
				64B7FCA523017C7000F185DD /* DataCell.xib in Resources */,
			);
			runOnlyForDeploymentPostprocessing = 0;
		};
		645B538322FD249C00016169 /* Resources */ = {
			isa = PBXResourcesBuildPhase;
			buildActionMask = 2147483647;
			files = (
				64B7FCA623017C7000F185DD /* DataCell.xib in Resources */,
			);
			runOnlyForDeploymentPostprocessing = 0;
		};
/* End PBXResourcesBuildPhase section */

/* Begin PBXShellScriptBuildPhase section */
		150FF88FD57D89C0292E70D0 /* [CP] Embed Pods Frameworks */ = {
			isa = PBXShellScriptBuildPhase;
			buildActionMask = 2147483647;
			files = (
			);
			inputFileListPaths = (
				"${PODS_ROOT}/Target Support Files/Pods-DemoSPHTests/Pods-DemoSPHTests-frameworks-${CONFIGURATION}-input-files.xcfilelist",
			);
			name = "[CP] Embed Pods Frameworks";
			outputFileListPaths = (
				"${PODS_ROOT}/Target Support Files/Pods-DemoSPHTests/Pods-DemoSPHTests-frameworks-${CONFIGURATION}-output-files.xcfilelist",
			);
			runOnlyForDeploymentPostprocessing = 0;
			shellPath = /bin/sh;
			shellScript = "\"${PODS_ROOT}/Target Support Files/Pods-DemoSPHTests/Pods-DemoSPHTests-frameworks.sh\"\n";
			showEnvVarsInLog = 0;
		};
		1B2A1E9AC52167AEB8F170DE /* [CP] Check Pods Manifest.lock */ = {
			isa = PBXShellScriptBuildPhase;
			buildActionMask = 2147483647;
			files = (
			);
			inputFileListPaths = (
			);
			inputPaths = (
				"${PODS_PODFILE_DIR_PATH}/Podfile.lock",
				"${PODS_ROOT}/Manifest.lock",
			);
			name = "[CP] Check Pods Manifest.lock";
			outputFileListPaths = (
			);
			outputPaths = (
				"$(DERIVED_FILE_DIR)/Pods-DemoSPHTests-checkManifestLockResult.txt",
			);
			runOnlyForDeploymentPostprocessing = 0;
			shellPath = /bin/sh;
			shellScript = "diff \"${PODS_PODFILE_DIR_PATH}/Podfile.lock\" \"${PODS_ROOT}/Manifest.lock\" > /dev/null\nif [ $? != 0 ] ; then\n    # print error to STDERR\n    echo \"error: The sandbox is not in sync with the Podfile.lock. Run 'pod install' or update your CocoaPods installation.\" >&2\n    exit 1\nfi\n# This output is used by Xcode 'outputs' to avoid re-running this script phase.\necho \"SUCCESS\" > \"${SCRIPT_OUTPUT_FILE_0}\"\n";
			showEnvVarsInLog = 0;
		};
		6E4FBD34E779970F8C2A9D10 /* [CP] Check Pods Manifest.lock */ = {
			isa = PBXShellScriptBuildPhase;
			buildActionMask = 2147483647;
			files = (
			);
			inputFileListPaths = (
			);
			inputPaths = (
				"${PODS_PODFILE_DIR_PATH}/Podfile.lock",
				"${PODS_ROOT}/Manifest.lock",
			);
			name = "[CP] Check Pods Manifest.lock";
			outputFileListPaths = (
			);
			outputPaths = (
				"$(DERIVED_FILE_DIR)/Pods-DemoSPHUITests-checkManifestLockResult.txt",
			);
			runOnlyForDeploymentPostprocessing = 0;
			shellPath = /bin/sh;
			shellScript = "diff \"${PODS_PODFILE_DIR_PATH}/Podfile.lock\" \"${PODS_ROOT}/Manifest.lock\" > /dev/null\nif [ $? != 0 ] ; then\n    # print error to STDERR\n    echo \"error: The sandbox is not in sync with the Podfile.lock. Run 'pod install' or update your CocoaPods installation.\" >&2\n    exit 1\nfi\n# This output is used by Xcode 'outputs' to avoid re-running this script phase.\necho \"SUCCESS\" > \"${SCRIPT_OUTPUT_FILE_0}\"\n";
			showEnvVarsInLog = 0;
		};
		71A7010007A8F5E6E5D2830E /* [CP] Check Pods Manifest.lock */ = {
			isa = PBXShellScriptBuildPhase;
			buildActionMask = 2147483647;
			files = (
			);
			inputFileListPaths = (
			);
			inputPaths = (
				"${PODS_PODFILE_DIR_PATH}/Podfile.lock",
				"${PODS_ROOT}/Manifest.lock",
			);
			name = "[CP] Check Pods Manifest.lock";
			outputFileListPaths = (
			);
			outputPaths = (
				"$(DERIVED_FILE_DIR)/Pods-DemoSPH-checkManifestLockResult.txt",
			);
			runOnlyForDeploymentPostprocessing = 0;
			shellPath = /bin/sh;
			shellScript = "diff \"${PODS_PODFILE_DIR_PATH}/Podfile.lock\" \"${PODS_ROOT}/Manifest.lock\" > /dev/null\nif [ $? != 0 ] ; then\n    # print error to STDERR\n    echo \"error: The sandbox is not in sync with the Podfile.lock. Run 'pod install' or update your CocoaPods installation.\" >&2\n    exit 1\nfi\n# This output is used by Xcode 'outputs' to avoid re-running this script phase.\necho \"SUCCESS\" > \"${SCRIPT_OUTPUT_FILE_0}\"\n";
			showEnvVarsInLog = 0;
		};
		7429F5CF6ACC1716BF80CC7B /* [CP] Embed Pods Frameworks */ = {
			isa = PBXShellScriptBuildPhase;
			buildActionMask = 2147483647;
			files = (
			);
			inputFileListPaths = (
				"${PODS_ROOT}/Target Support Files/Pods-DemoSPHUITests/Pods-DemoSPHUITests-frameworks-${CONFIGURATION}-input-files.xcfilelist",
			);
			name = "[CP] Embed Pods Frameworks";
			outputFileListPaths = (
				"${PODS_ROOT}/Target Support Files/Pods-DemoSPHUITests/Pods-DemoSPHUITests-frameworks-${CONFIGURATION}-output-files.xcfilelist",
			);
			runOnlyForDeploymentPostprocessing = 0;
			shellPath = /bin/sh;
			shellScript = "\"${PODS_ROOT}/Target Support Files/Pods-DemoSPHUITests/Pods-DemoSPHUITests-frameworks.sh\"\n";
			showEnvVarsInLog = 0;
		};
		7D708C058A2797920332C8B3 /* [CP] Embed Pods Frameworks */ = {
			isa = PBXShellScriptBuildPhase;
			buildActionMask = 2147483647;
			files = (
			);
			inputFileListPaths = (
				"${PODS_ROOT}/Target Support Files/Pods-DemoSPH/Pods-DemoSPH-frameworks-${CONFIGURATION}-input-files.xcfilelist",
			);
			name = "[CP] Embed Pods Frameworks";
			outputFileListPaths = (
				"${PODS_ROOT}/Target Support Files/Pods-DemoSPH/Pods-DemoSPH-frameworks-${CONFIGURATION}-output-files.xcfilelist",
			);
			runOnlyForDeploymentPostprocessing = 0;
			shellPath = /bin/sh;
			shellScript = "\"${PODS_ROOT}/Target Support Files/Pods-DemoSPH/Pods-DemoSPH-frameworks.sh\"\n";
			showEnvVarsInLog = 0;
		};
/* End PBXShellScriptBuildPhase section */

/* Begin PBXSourcesBuildPhase section */
		645B536222FD249400016169 /* Sources */ = {
			isa = PBXSourcesBuildPhase;
			buildActionMask = 2147483647;
			files = (
				645B539822FD35EB00016169 /* MainTVC.swift in Sources */,
				645B53A522FD39FB00016169 /* Interceptor.swift in Sources */,
				645B539E22FD397600016169 /* Data.swift in Sources */,
				645B53A322FD39EE00016169 /* Network.swift in Sources */,
				645B536A22FD249400016169 /* AppDelegate.swift in Sources */,
				645B53A922FD4F2400016169 /* Constants.swift in Sources */,
				64B7FCA92301897B00F185DD /* DetailTVC.swift in Sources */,
				64B7FCA123017C7000F185DD /* DataCell.swift in Sources */,
				645B53AB22FD9D3700016169 /* Extensions.swift in Sources */,
			);
			runOnlyForDeploymentPostprocessing = 0;
		};
		645B537622FD249C00016169 /* Sources */ = {
			isa = PBXSourcesBuildPhase;
			buildActionMask = 2147483647;
			files = (
				64B7FCAA2301897B00F185DD /* DetailTVC.swift in Sources */,
				64B7FCA223017C7000F185DD /* DataCell.swift in Sources */,
				645B537F22FD249C00016169 /* DemoSPHTests.swift in Sources */,
			);
			runOnlyForDeploymentPostprocessing = 0;
		};
		645B538122FD249C00016169 /* Sources */ = {
			isa = PBXSourcesBuildPhase;
			buildActionMask = 2147483647;
			files = (
				64B7FCAB2301897B00F185DD /* DetailTVC.swift in Sources */,
				64B7FCA323017C7000F185DD /* DataCell.swift in Sources */,
				645B538A22FD249C00016169 /* DemoSPHUITests.swift in Sources */,
			);
			runOnlyForDeploymentPostprocessing = 0;
		};
/* End PBXSourcesBuildPhase section */

/* Begin PBXTargetDependency section */
		645B537C22FD249C00016169 /* PBXTargetDependency */ = {
			isa = PBXTargetDependency;
			target = 645B536522FD249400016169 /* DemoSPH */;
			targetProxy = 645B537B22FD249C00016169 /* PBXContainerItemProxy */;
		};
		645B538722FD249C00016169 /* PBXTargetDependency */ = {
			isa = PBXTargetDependency;
			target = 645B536522FD249400016169 /* DemoSPH */;
			targetProxy = 645B538622FD249C00016169 /* PBXContainerItemProxy */;
		};
/* End PBXTargetDependency section */

/* Begin PBXVariantGroup section */
		645B536D22FD249400016169 /* Main.storyboard */ = {
			isa = PBXVariantGroup;
			children = (
				645B536E22FD249400016169 /* Base */,
			);
			name = Main.storyboard;
			sourceTree = "<group>";
		};
		645B537222FD249C00016169 /* LaunchScreen.storyboard */ = {
			isa = PBXVariantGroup;
			children = (
				645B537322FD249C00016169 /* Base */,
			);
			name = LaunchScreen.storyboard;
			sourceTree = "<group>";
		};
/* End PBXVariantGroup section */

/* Begin XCBuildConfiguration section */
		645B538C22FD249C00016169 /* Debug */ = {
			isa = XCBuildConfiguration;
			buildSettings = {
				ALWAYS_SEARCH_USER_PATHS = NO;
				CLANG_ANALYZER_NONNULL = YES;
				CLANG_ANALYZER_NUMBER_OBJECT_CONVERSION = YES_AGGRESSIVE;
				CLANG_CXX_LANGUAGE_STANDARD = "gnu++14";
				CLANG_CXX_LIBRARY = "libc++";
				CLANG_ENABLE_MODULES = YES;
				CLANG_ENABLE_OBJC_ARC = YES;
				CLANG_ENABLE_OBJC_WEAK = YES;
				CLANG_WARN_BLOCK_CAPTURE_AUTORELEASING = YES;
				CLANG_WARN_BOOL_CONVERSION = YES;
				CLANG_WARN_COMMA = YES;
				CLANG_WARN_CONSTANT_CONVERSION = YES;
				CLANG_WARN_DEPRECATED_OBJC_IMPLEMENTATIONS = YES;
				CLANG_WARN_DIRECT_OBJC_ISA_USAGE = YES_ERROR;
				CLANG_WARN_DOCUMENTATION_COMMENTS = YES;
				CLANG_WARN_EMPTY_BODY = YES;
				CLANG_WARN_ENUM_CONVERSION = YES;
				CLANG_WARN_INFINITE_RECURSION = YES;
				CLANG_WARN_INT_CONVERSION = YES;
				CLANG_WARN_NON_LITERAL_NULL_CONVERSION = YES;
				CLANG_WARN_OBJC_IMPLICIT_RETAIN_SELF = YES;
				CLANG_WARN_OBJC_LITERAL_CONVERSION = YES;
				CLANG_WARN_OBJC_ROOT_CLASS = YES_ERROR;
				CLANG_WARN_RANGE_LOOP_ANALYSIS = YES;
				CLANG_WARN_STRICT_PROTOTYPES = YES;
				CLANG_WARN_SUSPICIOUS_MOVE = YES;
				CLANG_WARN_UNGUARDED_AVAILABILITY = YES_AGGRESSIVE;
				CLANG_WARN_UNREACHABLE_CODE = YES;
				CLANG_WARN__DUPLICATE_METHOD_MATCH = YES;
				CODE_SIGN_IDENTITY = "iPhone Developer";
				COPY_PHASE_STRIP = NO;
				DEBUG_INFORMATION_FORMAT = dwarf;
				ENABLE_STRICT_OBJC_MSGSEND = YES;
				ENABLE_TESTABILITY = YES;
				GCC_C_LANGUAGE_STANDARD = gnu11;
				GCC_DYNAMIC_NO_PIC = NO;
				GCC_NO_COMMON_BLOCKS = YES;
				GCC_OPTIMIZATION_LEVEL = 0;
				GCC_PREPROCESSOR_DEFINITIONS = (
					"DEBUG=1",
					"$(inherited)",
				);
				GCC_WARN_64_TO_32_BIT_CONVERSION = YES;
				GCC_WARN_ABOUT_RETURN_TYPE = YES_ERROR;
				GCC_WARN_UNDECLARED_SELECTOR = YES;
				GCC_WARN_UNINITIALIZED_AUTOS = YES_AGGRESSIVE;
				GCC_WARN_UNUSED_FUNCTION = YES;
				GCC_WARN_UNUSED_VARIABLE = YES;
				IPHONEOS_DEPLOYMENT_TARGET = 12.4;
				MTL_ENABLE_DEBUG_INFO = INCLUDE_SOURCE;
				MTL_FAST_MATH = YES;
				ONLY_ACTIVE_ARCH = YES;
				SDKROOT = iphoneos;
				SWIFT_ACTIVE_COMPILATION_CONDITIONS = DEBUG;
				SWIFT_OPTIMIZATION_LEVEL = "-Onone";
			};
			name = Debug;
		};
		645B538D22FD249C00016169 /* Release */ = {
			isa = XCBuildConfiguration;
			buildSettings = {
				ALWAYS_SEARCH_USER_PATHS = NO;
				CLANG_ANALYZER_NONNULL = YES;
				CLANG_ANALYZER_NUMBER_OBJECT_CONVERSION = YES_AGGRESSIVE;
				CLANG_CXX_LANGUAGE_STANDARD = "gnu++14";
				CLANG_CXX_LIBRARY = "libc++";
				CLANG_ENABLE_MODULES = YES;
				CLANG_ENABLE_OBJC_ARC = YES;
				CLANG_ENABLE_OBJC_WEAK = YES;
				CLANG_WARN_BLOCK_CAPTURE_AUTORELEASING = YES;
				CLANG_WARN_BOOL_CONVERSION = YES;
				CLANG_WARN_COMMA = YES;
				CLANG_WARN_CONSTANT_CONVERSION = YES;
				CLANG_WARN_DEPRECATED_OBJC_IMPLEMENTATIONS = YES;
				CLANG_WARN_DIRECT_OBJC_ISA_USAGE = YES_ERROR;
				CLANG_WARN_DOCUMENTATION_COMMENTS = YES;
				CLANG_WARN_EMPTY_BODY = YES;
				CLANG_WARN_ENUM_CONVERSION = YES;
				CLANG_WARN_INFINITE_RECURSION = YES;
				CLANG_WARN_INT_CONVERSION = YES;
				CLANG_WARN_NON_LITERAL_NULL_CONVERSION = YES;
				CLANG_WARN_OBJC_IMPLICIT_RETAIN_SELF = YES;
				CLANG_WARN_OBJC_LITERAL_CONVERSION = YES;
				CLANG_WARN_OBJC_ROOT_CLASS = YES_ERROR;
				CLANG_WARN_RANGE_LOOP_ANALYSIS = YES;
				CLANG_WARN_STRICT_PROTOTYPES = YES;
				CLANG_WARN_SUSPICIOUS_MOVE = YES;
				CLANG_WARN_UNGUARDED_AVAILABILITY = YES_AGGRESSIVE;
				CLANG_WARN_UNREACHABLE_CODE = YES;
				CLANG_WARN__DUPLICATE_METHOD_MATCH = YES;
				CODE_SIGN_IDENTITY = "iPhone Developer";
				COPY_PHASE_STRIP = NO;
				DEBUG_INFORMATION_FORMAT = "dwarf-with-dsym";
				ENABLE_NS_ASSERTIONS = NO;
				ENABLE_STRICT_OBJC_MSGSEND = YES;
				GCC_C_LANGUAGE_STANDARD = gnu11;
				GCC_NO_COMMON_BLOCKS = YES;
				GCC_WARN_64_TO_32_BIT_CONVERSION = YES;
				GCC_WARN_ABOUT_RETURN_TYPE = YES_ERROR;
				GCC_WARN_UNDECLARED_SELECTOR = YES;
				GCC_WARN_UNINITIALIZED_AUTOS = YES_AGGRESSIVE;
				GCC_WARN_UNUSED_FUNCTION = YES;
				GCC_WARN_UNUSED_VARIABLE = YES;
				IPHONEOS_DEPLOYMENT_TARGET = 12.4;
				MTL_ENABLE_DEBUG_INFO = NO;
				MTL_FAST_MATH = YES;
				SDKROOT = iphoneos;
				SWIFT_COMPILATION_MODE = wholemodule;
				SWIFT_OPTIMIZATION_LEVEL = "-O";
				VALIDATE_PRODUCT = YES;
			};
			name = Release;
		};
		645B538F22FD249C00016169 /* Debug */ = {
			isa = XCBuildConfiguration;
			baseConfigurationReference = 916129DC823DC958B81F6AFD /* Pods-DemoSPH.debug.xcconfig */;
			buildSettings = {
				ASSETCATALOG_COMPILER_APPICON_NAME = AppIcon;
				CODE_SIGN_STYLE = Automatic;
				DEVELOPMENT_TEAM = LREM38BVR7;
				INFOPLIST_FILE = DemoSPH/Info.plist;
				LD_RUNPATH_SEARCH_PATHS = (
					"$(inherited)",
					"@executable_path/Frameworks",
				);
				PRODUCT_BUNDLE_IDENTIFIER = Vaishu.DemoSPH;
				PRODUCT_NAME = "$(TARGET_NAME)";
				SWIFT_VERSION = 5.0;
				TARGETED_DEVICE_FAMILY = "1,2";
			};
			name = Debug;
		};
		645B539022FD249C00016169 /* Release */ = {
			isa = XCBuildConfiguration;
			baseConfigurationReference = 4854264358CD7B87999FF319 /* Pods-DemoSPH.release.xcconfig */;
			buildSettings = {
				ASSETCATALOG_COMPILER_APPICON_NAME = AppIcon;
				CODE_SIGN_STYLE = Automatic;
				DEVELOPMENT_TEAM = LREM38BVR7;
				INFOPLIST_FILE = DemoSPH/Info.plist;
				LD_RUNPATH_SEARCH_PATHS = (
					"$(inherited)",
					"@executable_path/Frameworks",
				);
				PRODUCT_BUNDLE_IDENTIFIER = Vaishu.DemoSPH;
				PRODUCT_NAME = "$(TARGET_NAME)";
				SWIFT_VERSION = 5.0;
				TARGETED_DEVICE_FAMILY = "1,2";
			};
			name = Release;
		};
		645B539222FD249C00016169 /* Debug */ = {
			isa = XCBuildConfiguration;
			baseConfigurationReference = E369D0DD64356111D55FCC21 /* Pods-DemoSPHTests.debug.xcconfig */;
			buildSettings = {
				ALWAYS_EMBED_SWIFT_STANDARD_LIBRARIES = YES;
				BUNDLE_LOADER = "$(TEST_HOST)";
				CODE_SIGN_STYLE = Automatic;
				DEVELOPMENT_TEAM = LREM38BVR7;
				INFOPLIST_FILE = DemoSPHTests/Info.plist;
				LD_RUNPATH_SEARCH_PATHS = (
					"$(inherited)",
					"@executable_path/Frameworks",
					"@loader_path/Frameworks",
				);
				PRODUCT_BUNDLE_IDENTIFIER = Vaishu.DemoSPHTests;
				PRODUCT_NAME = "$(TARGET_NAME)";
				SWIFT_VERSION = 5.0;
				TARGETED_DEVICE_FAMILY = "1,2";
				TEST_HOST = "$(BUILT_PRODUCTS_DIR)/DemoSPH.app/DemoSPH";
			};
			name = Debug;
		};
		645B539322FD249C00016169 /* Release */ = {
			isa = XCBuildConfiguration;
			baseConfigurationReference = 138650F27448055EAF28146B /* Pods-DemoSPHTests.release.xcconfig */;
			buildSettings = {
				ALWAYS_EMBED_SWIFT_STANDARD_LIBRARIES = YES;
				BUNDLE_LOADER = "$(TEST_HOST)";
				CODE_SIGN_STYLE = Automatic;
				DEVELOPMENT_TEAM = LREM38BVR7;
				INFOPLIST_FILE = DemoSPHTests/Info.plist;
				LD_RUNPATH_SEARCH_PATHS = (
					"$(inherited)",
					"@executable_path/Frameworks",
					"@loader_path/Frameworks",
				);
				PRODUCT_BUNDLE_IDENTIFIER = Vaishu.DemoSPHTests;
				PRODUCT_NAME = "$(TARGET_NAME)";
				SWIFT_VERSION = 5.0;
				TARGETED_DEVICE_FAMILY = "1,2";
				TEST_HOST = "$(BUILT_PRODUCTS_DIR)/DemoSPH.app/DemoSPH";
			};
			name = Release;
		};
		645B539522FD249C00016169 /* Debug */ = {
			isa = XCBuildConfiguration;
			baseConfigurationReference = 013A9967F6316D94EEC2FD89 /* Pods-DemoSPHUITests.debug.xcconfig */;
			buildSettings = {
				ALWAYS_EMBED_SWIFT_STANDARD_LIBRARIES = YES;
				CODE_SIGN_STYLE = Automatic;
				DEVELOPMENT_TEAM = LREM38BVR7;
				INFOPLIST_FILE = DemoSPHUITests/Info.plist;
				LD_RUNPATH_SEARCH_PATHS = (
					"$(inherited)",
					"@executable_path/Frameworks",
					"@loader_path/Frameworks",
				);
				PRODUCT_BUNDLE_IDENTIFIER = Vaishu.DemoSPHUITests;
				PRODUCT_NAME = "$(TARGET_NAME)";
				SWIFT_VERSION = 5.0;
				TARGETED_DEVICE_FAMILY = "1,2";
				TEST_TARGET_NAME = DemoSPH;
			};
			name = Debug;
		};
		645B539622FD249C00016169 /* Release */ = {
			isa = XCBuildConfiguration;
			baseConfigurationReference = 141C89EFB79EA91882705593 /* Pods-DemoSPHUITests.release.xcconfig */;
			buildSettings = {
				ALWAYS_EMBED_SWIFT_STANDARD_LIBRARIES = YES;
				CODE_SIGN_STYLE = Automatic;
				DEVELOPMENT_TEAM = LREM38BVR7;
				INFOPLIST_FILE = DemoSPHUITests/Info.plist;
				LD_RUNPATH_SEARCH_PATHS = (
					"$(inherited)",
					"@executable_path/Frameworks",
					"@loader_path/Frameworks",
				);
				PRODUCT_BUNDLE_IDENTIFIER = Vaishu.DemoSPHUITests;
				PRODUCT_NAME = "$(TARGET_NAME)";
				SWIFT_VERSION = 5.0;
				TARGETED_DEVICE_FAMILY = "1,2";
				TEST_TARGET_NAME = DemoSPH;
			};
			name = Release;
		};
/* End XCBuildConfiguration section */

/* Begin XCConfigurationList section */
		645B536122FD249300016169 /* Build configuration list for PBXProject "DemoSPH" */ = {
			isa = XCConfigurationList;
			buildConfigurations = (
				645B538C22FD249C00016169 /* Debug */,
				645B538D22FD249C00016169 /* Release */,
			);
			defaultConfigurationIsVisible = 0;
			defaultConfigurationName = Release;
		};
		645B538E22FD249C00016169 /* Build configuration list for PBXNativeTarget "DemoSPH" */ = {
			isa = XCConfigurationList;
			buildConfigurations = (
				645B538F22FD249C00016169 /* Debug */,
				645B539022FD249C00016169 /* Release */,
			);
			defaultConfigurationIsVisible = 0;
			defaultConfigurationName = Release;
		};
		645B539122FD249C00016169 /* Build configuration list for PBXNativeTarget "DemoSPHTests" */ = {
			isa = XCConfigurationList;
			buildConfigurations = (
				645B539222FD249C00016169 /* Debug */,
				645B539322FD249C00016169 /* Release */,
			);
			defaultConfigurationIsVisible = 0;
			defaultConfigurationName = Release;
		};
		645B539422FD249C00016169 /* Build configuration list for PBXNativeTarget "DemoSPHUITests" */ = {
			isa = XCConfigurationList;
			buildConfigurations = (
				645B539522FD249C00016169 /* Debug */,
				645B539622FD249C00016169 /* Release */,
			);
			defaultConfigurationIsVisible = 0;
			defaultConfigurationName = Release;
		};
/* End XCConfigurationList section */
	};
	rootObject = 645B535E22FD249300016169 /* Project object */;
}
